
Microsoft Visual Studio Solution File, Format Version 12.00
# Visual Studio Version 17
VisualStudioVersion = 17.7.34302.85
MinimumVisualStudioVersion = 10.0.40219.1
Project("{FAE04EC0-301F-11D3-BF4B-00C04F79EFBC}") = "Patch Management", "Patch Management\Patch Management.csproj", "{F6C4CE3C-8CE9-0866-363C-40C510695A1A}"
EndProject
Project("{FAE04EC0-301F-11D3-BF4B-00C04F79EFBC}") = "PatchInstaller", "PatchInstaller\PatchInstaller.csproj", "{3DF5A518-F434-042A-3CC3-CC9287A3A5F0}"
EndProject
Project("{FAE04EC0-301F-11D3-BF4B-00C04F79EFBC}") = "PatchReporting", "PatchReporting\PatchReporting.csproj", "{0AA023A9-AE7F-445E-B2EC-47450E6E0EAB}"
EndProject
Global
	GlobalSection(SolutionConfigurationPlatforms) = preSolution
		Debug|Any CPU = Debug|Any CPU
		Release|Any CPU = Release|Any CPU
	EndGlobalSection
	GlobalSection(ProjectConfigurationPlatforms) = postSolution
		{F6C4CE3C-8CE9-0866-363C-40C510695A1A}.Debug|Any CPU.ActiveCfg = Debug|Any CPU
		{F6C4CE3C-8CE9-0866-363C-40C510695A1A}.Debug|Any CPU.Build.0 = Debug|Any CPU
		{F6C4CE3C-8CE9-0866-363C-40C510695A1A}.Release|Any CPU.ActiveCfg = Release|Any CPU
		{F6C4CE3C-8CE9-0866-363C-40C510695A1A}.Release|Any CPU.Build.0 = Release|Any CPU
		{3DF5A518-F434-042A-3CC3-CC9287A3A5F0}.Debug|Any CPU.ActiveCfg = Debug|Any CPU
		{3DF5A518-F434-042A-3CC3-CC9287A3A5F0}.Debug|Any CPU.Build.0 = Debug|Any CPU
		{3DF5A518-F434-042A-3CC3-CC9287A3A5F0}.Release|Any CPU.ActiveCfg = Release|Any CPU
		{3DF5A518-F434-042A-3CC3-CC9287A3A5F0}.Release|Any CPU.Build.0 = Release|Any CPU
		{0AA023A9-AE7F-445E-B2EC-47450E6E0EAB}.Debug|Any CPU.ActiveCfg = Debug|Any CPU
		{0AA023A9-AE7F-445E-B2EC-47450E6E0EAB}.Debug|Any CPU.Build.0 = Debug|Any CPU
		{0AA023A9-AE7F-445E-B2EC-47450E6E0EAB}.Release|Any CPU.ActiveCfg = Release|Any CPU
		{0AA023A9-AE7F-445E-B2EC-47450E6E0EAB}.Release|Any CPU.Build.0 = Release|Any CPU
	EndGlobalSection
	GlobalSection(SolutionProperties) = preSolution
		HideSolutionNode = FALSE
	EndGlobalSection
	GlobalSection(ExtensibilityGlobals) = postSolution
		SolutionGuid = {5E430BFF-CDFB-48A1-83D5-D2E0AC3B2153}
	EndGlobalSection
EndGlobal
